// !$*UTF8*$!
{
	archiveVersion = 1;
	classes = {
	};
	objectVersion = 77;
	objects = {

/* Begin PBXBuildFile section */
		0731D02FE59F33D238DCE8DE /* uthmanic_hafs_v20.ttf in Resources */ = {isa = PBXBuildFile; fileRef = 97CE3AD31A53B65BC8F46AD2 /* uthmanic_hafs_v20.ttf */; };
		0DF1B0075B8F5FF404B3B7BF /* LayoutMetrics.swift in Sources */ = {isa = PBXBuildFile; fileRef = 8DA90BFC52B3F5CA205FDE4F /* LayoutMetrics.swift */; };
		1147415D8712AC55968883D9 /* cities_filtered.sqlite in Resources */ = {isa = PBXBuildFile; fileRef = F5D596447417074595E65CD1 /* cities_filtered.sqlite */; };
		18181B7DA890270B2C2FA533 /* StatusItemController.swift in Sources */ = {isa = PBXBuildFile; fileRef = A1E010835F9D5B0E30E89A67 /* StatusItemController.swift */; };
		1DD6BFDD2E0418CB353856B1 /* ACKNOWLEDGEMENTS.txt in Resources */ = {isa = PBXBuildFile; fileRef = 38E824A0F46FC90293F329D2 /* ACKNOWLEDGEMENTS.txt */; };
		22BD6619CBC5C1E915327D6E /* CurrentLocationViewModel.swift in Sources */ = {isa = PBXBuildFile; fileRef = 0395EE8C21BF586E1863AA84 /* CurrentLocationViewModel.swift */; };
		243B3194AA91832B27203EB8 /* GeoNames-NOTICE.txt in Resources */ = {isa = PBXBuildFile; fileRef = 00FEC0C81DF711C617446929 /* GeoNames-NOTICE.txt */; };
		2F399631A510C55C0DC1B819 /* NotchShape.swift in Sources */ = {isa = PBXBuildFile; fileRef = B68F7A6678D904677982DF0D /* NotchShape.swift */; };
		3101574F137C173484881450 /* quran.sqlite in Resources */ = {isa = PBXBuildFile; fileRef = EF9B85C799A33D1B5DBDB1AC /* quran.sqlite */; };
		42A2819A8249778AA40C51CC /* AboutView.swift in Sources */ = {isa = PBXBuildFile; fileRef = CC06B06CFB4CAB084A7B7616 /* AboutView.swift */; };
		44A723E52FD96128B35EB340 /* AyahApp.swift in Sources */ = {isa = PBXBuildFile; fileRef = 6EEFCEE357204FFE1D8C17BA /* AyahApp.swift */; };
		47005D3FE4BD86B7E599C39C /* NotchViewModelTests.swift in Sources */ = {isa = PBXBuildFile; fileRef = 67617C8E9CD8A284C853CF40 /* NotchViewModelTests.swift */; };
		4D7238AC4C1C2DA9A98491BC /* AyahKit in Frameworks */ = {isa = PBXBuildFile; productRef = 67EF8F75BBD19F716D6EB57C /* AyahKit */; };
		52C7FA0AA1C3C8BDA84260E7 /* CityPickerView.swift in Sources */ = {isa = PBXBuildFile; fileRef = 19785C955C6C96C878C88725 /* CityPickerView.swift */; };
		52CFA92433A51223F53885DB /* MemorizationSetEditorView.swift in Sources */ = {isa = PBXBuildFile; fileRef = 51666202A9967D1F04421693 /* MemorizationSetEditorView.swift */; };
		5B8E0496481547F05F6644F5 /* NotchController.swift in Sources */ = {isa = PBXBuildFile; fileRef = 1BFC8A2B8BF0F51016B84650 /* NotchController.swift */; };
		6AFD0C0E1B870FCED4495C4E /* AppDelegate.swift in Sources */ = {isa = PBXBuildFile; fileRef = 9226FE0B202387573E1E8102 /* AppDelegate.swift */; };
		6BC6B456C60A644082C41B01 /* CityPickerWindowController.swift in Sources */ = {isa = PBXBuildFile; fileRef = C020747C01E29A2A34756082 /* CityPickerWindowController.swift */; };
		6D73934C950105185391DEB6 /* PopoverContentView.swift in Sources */ = {isa = PBXBuildFile; fileRef = E25D63AEBE385EE4B7220F16 /* PopoverContentView.swift */; };
		721E9D4B1737E13B647DB12A /* CHECKSUM in Resources */ = {isa = PBXBuildFile; fileRef = F60D8B9C83F6FB875DFFB122 /* CHECKSUM */; };
		81677FB67A275BC7371D01A2 /* NotchViewModel.swift in Sources */ = {isa = PBXBuildFile; fileRef = E45F4D23C30DF24E917974C9 /* NotchViewModel.swift */; };
		88AF0B4D3A382E6DC6A9448A /* LaunchAtLoginViewModel.swift in Sources */ = {isa = PBXBuildFile; fileRef = 064022577E18E5E026F8FD1B /* LaunchAtLoginViewModel.swift */; };
		8D32CE0A2DF2F2783D7DA6E8 /* MemorizationSetsView.swift in Sources */ = {isa = PBXBuildFile; fileRef = 6D4F90D25B2E03E885AA831F /* MemorizationSetsView.swift */; };
		9BC9667097AB6D17377D9BA9 /* NotchPanel.swift in Sources */ = {isa = PBXBuildFile; fileRef = 884E5B404FAD67AC70337B91 /* NotchPanel.swift */; };
		A174C0DCEBCEEFB229E06725 /* AboutWindowController.swift in Sources */ = {isa = PBXBuildFile; fileRef = DCF67BF538C3506021516142 /* AboutWindowController.swift */; };
		A5A0A713530CC060DC500496 /* GEONAMES_CHECKSUM in Resources */ = {isa = PBXBuildFile; fileRef = 8946D4130E84A4FBF29A07E4 /* GEONAMES_CHECKSUM */; };
		B30CC881C44777557350875B /* AppLaunchGuardTests.swift in Sources */ = {isa = PBXBuildFile; fileRef = DF456AE5C91768D741CD162F /* AppLaunchGuardTests.swift */; };
		D01968525E5CEC690830C219 /* MemorizationSetsWindowController.swift in Sources */ = {isa = PBXBuildFile; fileRef = 3292EF9A8BF28D56BD655BAA /* MemorizationSetsWindowController.swift */; };
		D7097B106EC2EC5C13F595BA /* NotchDisplayContent.swift in Sources */ = {isa = PBXBuildFile; fileRef = 2A9D150655D8E9093225677F /* NotchDisplayContent.swift */; };
		E9E5D1D6C77ADDE1F0F6D09E /* AppPerformanceSignposts.swift in Sources */ = {isa = PBXBuildFile; fileRef = 925E846D7F1449DBF6E55472 /* AppPerformanceSignposts.swift */; };
		ED588FA67B0392D9B0F77FC9 /* NotchContentView.swift in Sources */ = {isa = PBXBuildFile; fileRef = 8C30F43BEC99AFD9CC437579 /* NotchContentView.swift */; };
		F76AFEF410EB14542CF9FF9A /* Assets.xcassets in Resources */ = {isa = PBXBuildFile; fileRef = 6122F45F4BFB78489EB301F6 /* Assets.xcassets */; };
		FF9AB1A5CC213845C9D52425 /* Adhan-LICENSE.txt in Resources */ = {isa = PBXBuildFile; fileRef = C46E1DD26C1242E272A211F8 /* Adhan-LICENSE.txt */; };
/* End PBXBuildFile section */

/* Begin PBXContainerItemProxy section */
		C6095E47E5090C7FD244A6F8 /* PBXContainerItemProxy */ = {
			isa = PBXContainerItemProxy;
			containerPortal = 107F8519758E44579862C315 /* Project object */;
			proxyType = 1;
			remoteGlobalIDString = 244A0EE56A0B6FE2EEC47604;
			remoteInfo = Ayah;
		};
/* End PBXContainerItemProxy section */

/* Begin PBXFileReference section */
		00FEC0C81DF711C617446929 /* GeoNames-NOTICE.txt */ = {isa = PBXFileReference; lastKnownFileType = text; path = "GeoNames-NOTICE.txt"; sourceTree = "<group>"; };
		0395EE8C21BF586E1863AA84 /* CurrentLocationViewModel.swift */ = {isa = PBXFileReference; lastKnownFileType = sourcecode.swift; path = CurrentLocationViewModel.swift; sourceTree = "<group>"; };
		064022577E18E5E026F8FD1B /* LaunchAtLoginViewModel.swift */ = {isa = PBXFileReference; lastKnownFileType = sourcecode.swift; path = LaunchAtLoginViewModel.swift; sourceTree = "<group>"; };
		19785C955C6C96C878C88725 /* CityPickerView.swift */ = {isa = PBXFileReference; lastKnownFileType = sourcecode.swift; path = CityPickerView.swift; sourceTree = "<group>"; };
		1BFC8A2B8BF0F51016B84650 /* NotchController.swift */ = {isa = PBXFileReference; lastKnownFileType = sourcecode.swift; path = NotchController.swift; sourceTree = "<group>"; };
		2A9D150655D8E9093225677F /* NotchDisplayContent.swift */ = {isa = PBXFileReference; lastKnownFileType = sourcecode.swift; path = NotchDisplayContent.swift; sourceTree = "<group>"; };
		319612040E83816104527AAA /* Ayah.app */ = {isa = PBXFileReference; explicitFileType = wrapper.application; includeInIndex = 0; path = Ayah.app; sourceTree = BUILT_PRODUCTS_DIR; };
		3292EF9A8BF28D56BD655BAA /* MemorizationSetsWindowController.swift */ = {isa = PBXFileReference; lastKnownFileType = sourcecode.swift; path = MemorizationSetsWindowController.swift; sourceTree = "<group>"; };
		38E824A0F46FC90293F329D2 /* ACKNOWLEDGEMENTS.txt */ = {isa = PBXFileReference; lastKnownFileType = text; path = ACKNOWLEDGEMENTS.txt; sourceTree = "<group>"; };
		41B65C70E50ED2F7DBD4F85F /* AyahTests.xctest */ = {isa = PBXFileReference; explicitFileType = wrapper.cfbundle; includeInIndex = 0; path = AyahTests.xctest; sourceTree = BUILT_PRODUCTS_DIR; };
		4C3F1DD252F844CDF317AE9C /* AyahKit */ = {isa = PBXFileReference; lastKnownFileType = folder; name = AyahKit; path = Packages/AyahKit; sourceTree = SOURCE_ROOT; };
		51666202A9967D1F04421693 /* MemorizationSetEditorView.swift */ = {isa = PBXFileReference; lastKnownFileType = sourcecode.swift; path = MemorizationSetEditorView.swift; sourceTree = "<group>"; };
		6122F45F4BFB78489EB301F6 /* Assets.xcassets */ = {isa = PBXFileReference; lastKnownFileType = folder.assetcatalog; path = Assets.xcassets; sourceTree = "<group>"; };
		67617C8E9CD8A284C853CF40 /* NotchViewModelTests.swift */ = {isa = PBXFileReference; lastKnownFileType = sourcecode.swift; path = NotchViewModelTests.swift; sourceTree = "<group>"; };
		6D4F90D25B2E03E885AA831F /* MemorizationSetsView.swift */ = {isa = PBXFileReference; lastKnownFileType = sourcecode.swift; path = MemorizationSetsView.swift; sourceTree = "<group>"; };
		6EEFCEE357204FFE1D8C17BA /* AyahApp.swift */ = {isa = PBXFileReference; lastKnownFileType = sourcecode.swift; path = AyahApp.swift; sourceTree = "<group>"; };
		884E5B404FAD67AC70337B91 /* NotchPanel.swift */ = {isa = PBXFileReference; lastKnownFileType = sourcecode.swift; path = NotchPanel.swift; sourceTree = "<group>"; };
		8946D4130E84A4FBF29A07E4 /* GEONAMES_CHECKSUM */ = {isa = PBXFileReference; path = GEONAMES_CHECKSUM; sourceTree = "<group>"; };
		8C30F43BEC99AFD9CC437579 /* NotchContentView.swift */ = {isa = PBXFileReference; lastKnownFileType = sourcecode.swift; path = NotchContentView.swift; sourceTree = "<group>"; };
		8DA90BFC52B3F5CA205FDE4F /* LayoutMetrics.swift */ = {isa = PBXFileReference; lastKnownFileType = sourcecode.swift; path = LayoutMetrics.swift; sourceTree = "<group>"; };
		9226FE0B202387573E1E8102 /* AppDelegate.swift */ = {isa = PBXFileReference; lastKnownFileType = sourcecode.swift; path = AppDelegate.swift; sourceTree = "<group>"; };
		925E846D7F1449DBF6E55472 /* AppPerformanceSignposts.swift */ = {isa = PBXFileReference; lastKnownFileType = sourcecode.swift; path = AppPerformanceSignposts.swift; sourceTree = "<group>"; };
		97CE3AD31A53B65BC8F46AD2 /* uthmanic_hafs_v20.ttf */ = {isa = PBXFileReference; lastKnownFileType = file; path = uthmanic_hafs_v20.ttf; sourceTree = "<group>"; };
		A1E010835F9D5B0E30E89A67 /* StatusItemController.swift */ = {isa = PBXFileReference; lastKnownFileType = sourcecode.swift; path = StatusItemController.swift; sourceTree = "<group>"; };
		B68F7A6678D904677982DF0D /* NotchShape.swift */ = {isa = PBXFileReference; lastKnownFileType = sourcecode.swift; path = NotchShape.swift; sourceTree = "<group>"; };
		C020747C01E29A2A34756082 /* CityPickerWindowController.swift */ = {isa = PBXFileReference; lastKnownFileType = sourcecode.swift; path = CityPickerWindowController.swift; sourceTree = "<group>"; };
		C46E1DD26C1242E272A211F8 /* Adhan-LICENSE.txt */ = {isa = PBXFileReference; lastKnownFileType = text; path = "Adhan-LICENSE.txt"; sourceTree = "<group>"; };
		CC06B06CFB4CAB084A7B7616 /* AboutView.swift */ = {isa = PBXFileReference; lastKnownFileType = sourcecode.swift; path = AboutView.swift; sourceTree = "<group>"; };
		DCF67BF538C3506021516142 /* AboutWindowController.swift */ = {isa = PBXFileReference; lastKnownFileType = sourcecode.swift; path = AboutWindowController.swift; sourceTree = "<group>"; };
		DF456AE5C91768D741CD162F /* AppLaunchGuardTests.swift */ = {isa = PBXFileReference; lastKnownFileType = sourcecode.swift; path = AppLaunchGuardTests.swift; sourceTree = "<group>"; };
		E25D63AEBE385EE4B7220F16 /* PopoverContentView.swift */ = {isa = PBXFileReference; lastKnownFileType = sourcecode.swift; path = PopoverContentView.swift; sourceTree = "<group>"; };
		E45F4D23C30DF24E917974C9 /* NotchViewModel.swift */ = {isa = PBXFileReference; lastKnownFileType = sourcecode.swift; path = NotchViewModel.swift; sourceTree = "<group>"; };
		EF9B85C799A33D1B5DBDB1AC /* quran.sqlite */ = {isa = PBXFileReference; lastKnownFileType = file; path = quran.sqlite; sourceTree = "<group>"; };
		F5D596447417074595E65CD1 /* cities_filtered.sqlite */ = {isa = PBXFileReference; lastKnownFileType = file; path = cities_filtered.sqlite; sourceTree = "<group>"; };
		F60D8B9C83F6FB875DFFB122 /* CHECKSUM */ = {isa = PBXFileReference; path = CHECKSUM; sourceTree = "<group>"; };
/* End PBXFileReference section */

/* Begin PBXFrameworksBuildPhase section */
		8ACF71B58D998D04736C9059 /* Frameworks */ = {
			isa = PBXFrameworksBuildPhase;
			buildActionMask = 2147483647;
			files = (
				4D7238AC4C1C2DA9A98491BC /* AyahKit in Frameworks */,
			);
			runOnlyForDeploymentPostprocessing = 0;
		};
/* End PBXFrameworksBuildPhase section */

/* Begin PBXGroup section */
		08D402ABA2795994664B810F /* GeoNames */ = {
			isa = PBXGroup;
			children = (
				F5D596447417074595E65CD1 /* cities_filtered.sqlite */,
				8946D4130E84A4FBF29A07E4 /* GEONAMES_CHECKSUM */,
			);
			path = GeoNames;
			sourceTree = "<group>";
		};
		0BF91D24A1CD34F4A7C62E60 /* Tests */ = {
			isa = PBXGroup;
			children = (
				528CBD0A339991206BD7414D /* App */,
			);
			path = Tests;
			sourceTree = "<group>";
		};
		0C37189AB32DFB99863D9F44 /* Settings */ = {
			isa = PBXGroup;
			children = (
				064022577E18E5E026F8FD1B /* LaunchAtLoginViewModel.swift */,
			);
			path = Settings;
			sourceTree = "<group>";
		};
		0F54F2EFF0AABF7EB5B1D6A8 /* Memorization */ = {
			isa = PBXGroup;
			children = (
				51666202A9967D1F04421693 /* MemorizationSetEditorView.swift */,
				6D4F90D25B2E03E885AA831F /* MemorizationSetsView.swift */,
				3292EF9A8BF28D56BD655BAA /* MemorizationSetsWindowController.swift */,
			);
			path = Memorization;
			sourceTree = "<group>";
		};
		102181F458F8F47906E34652 = {
			isa = PBXGroup;
			children = (
				9F56059D57FAEB21E8A11C8A /* App */,
				29CE5CEC12FC1261D2C67FCC /* Packages */,
				915F1346B61E1C36B34B2002 /* Resources */,
				0BF91D24A1CD34F4A7C62E60 /* Tests */,
				EB6DDC08AA2A91FD7AC6D5E7 /* Products */,
			);
			sourceTree = "<group>";
		};
		1DDE5B6B717D373AFDF9C71F /* MenuBar */ = {
			isa = PBXGroup;
			children = (
				E25D63AEBE385EE4B7220F16 /* PopoverContentView.swift */,
				A1E010835F9D5B0E30E89A67 /* StatusItemController.swift */,
			);
			path = MenuBar;
			sourceTree = "<group>";
		};
		29CE5CEC12FC1261D2C67FCC /* Packages */ = {
			isa = PBXGroup;
			children = (
				4C3F1DD252F844CDF317AE9C /* AyahKit */,
			);
			path = Packages;
			sourceTree = "<group>";
		};
		528CBD0A339991206BD7414D /* App */ = {
			isa = PBXGroup;
			children = (
				DF456AE5C91768D741CD162F /* AppLaunchGuardTests.swift */,
				67617C8E9CD8A284C853CF40 /* NotchViewModelTests.swift */,
			);
			path = App;
			sourceTree = "<group>";
		};
		5FFF64795B00A03B8A78CD3F /* Prayer */ = {
			isa = PBXGroup;
			children = (
				19785C955C6C96C878C88725 /* CityPickerView.swift */,
				C020747C01E29A2A34756082 /* CityPickerWindowController.swift */,
				0395EE8C21BF586E1863AA84 /* CurrentLocationViewModel.swift */,
			);
			path = Prayer;
			sourceTree = "<group>";
		};
		71E6BFC8A5A83D76FD8621E7 /* Quran */ = {
			isa = PBXGroup;
			children = (
				F60D8B9C83F6FB875DFFB122 /* CHECKSUM */,
				EF9B85C799A33D1B5DBDB1AC /* quran.sqlite */,
			);
			path = Quran;
			sourceTree = "<group>";
		};
		724E2CA21C5E07D359772852 /* UI */ = {
			isa = PBXGroup;
			children = (
				8DA90BFC52B3F5CA205FDE4F /* LayoutMetrics.swift */,
				AD04FAC3B46AA503399C67CA /* About */,
				0F54F2EFF0AABF7EB5B1D6A8 /* Memorization */,
				1DDE5B6B717D373AFDF9C71F /* MenuBar */,
				E7BB01B8CD374BA0753C13C2 /* Notch */,
				5FFF64795B00A03B8A78CD3F /* Prayer */,
				0C37189AB32DFB99863D9F44 /* Settings */,
			);
			path = UI;
			sourceTree = "<group>";
		};
		915F1346B61E1C36B34B2002 /* Resources */ = {
			isa = PBXGroup;
			children = (
				D26390EC7396791DA3906E5B /* Fonts */,
				08D402ABA2795994664B810F /* GeoNames */,
				71E6BFC8A5A83D76FD8621E7 /* Quran */,
				D561ED8447B1589AC00A4E0E /* ThirdParty */,
			);
			path = Resources;
			sourceTree = "<group>";
		};
		9F56059D57FAEB21E8A11C8A /* App */ = {
			isa = PBXGroup;
			children = (
				9226FE0B202387573E1E8102 /* AppDelegate.swift */,
				6122F45F4BFB78489EB301F6 /* Assets.xcassets */,
				6EEFCEE357204FFE1D8C17BA /* AyahApp.swift */,
				E11BBFDD379BF9DB5DDA3F4B /* Diagnostics */,
				724E2CA21C5E07D359772852 /* UI */,
			);
			path = App;
			sourceTree = "<group>";
		};
		AD04FAC3B46AA503399C67CA /* About */ = {
			isa = PBXGroup;
			children = (
				CC06B06CFB4CAB084A7B7616 /* AboutView.swift */,
				DCF67BF538C3506021516142 /* AboutWindowController.swift */,
			);
			path = About;
			sourceTree = "<group>";
		};
		D26390EC7396791DA3906E5B /* Fonts */ = {
			isa = PBXGroup;
			children = (
				97CE3AD31A53B65BC8F46AD2 /* uthmanic_hafs_v20.ttf */,
			);
			path = Fonts;
			sourceTree = "<group>";
		};
		D561ED8447B1589AC00A4E0E /* ThirdParty */ = {
			isa = PBXGroup;
			children = (
				38E824A0F46FC90293F329D2 /* ACKNOWLEDGEMENTS.txt */,
				C46E1DD26C1242E272A211F8 /* Adhan-LICENSE.txt */,
				00FEC0C81DF711C617446929 /* GeoNames-NOTICE.txt */,
			);
			path = ThirdParty;
			sourceTree = "<group>";
		};
		E11BBFDD379BF9DB5DDA3F4B /* Diagnostics */ = {
			isa = PBXGroup;
			children = (
				925E846D7F1449DBF6E55472 /* AppPerformanceSignposts.swift */,
			);
			path = Diagnostics;
			sourceTree = "<group>";
		};
		E7BB01B8CD374BA0753C13C2 /* Notch */ = {
			isa = PBXGroup;
			children = (
				8C30F43BEC99AFD9CC437579 /* NotchContentView.swift */,
				1BFC8A2B8BF0F51016B84650 /* NotchController.swift */,
				2A9D150655D8E9093225677F /* NotchDisplayContent.swift */,
				884E5B404FAD67AC70337B91 /* NotchPanel.swift */,
				B68F7A6678D904677982DF0D /* NotchShape.swift */,
				E45F4D23C30DF24E917974C9 /* NotchViewModel.swift */,
			);
			path = Notch;
			sourceTree = "<group>";
		};
		EB6DDC08AA2A91FD7AC6D5E7 /* Products */ = {
			isa = PBXGroup;
			children = (
				319612040E83816104527AAA /* Ayah.app */,
				41B65C70E50ED2F7DBD4F85F /* AyahTests.xctest */,
			);
			name = Products;
			sourceTree = "<group>";
		};
/* End PBXGroup section */

/* Begin PBXNativeTarget section */
		244A0EE56A0B6FE2EEC47604 /* Ayah */ = {
			isa = PBXNativeTarget;
			buildConfigurationList = 1A8D44102776072745BAA360 /* Build configuration list for PBXNativeTarget "Ayah" */;
			buildPhases = (
				85F88306BC10A37C6C4A3883 /* Quran integrity gate (Release only) */,
				08C3405FD54F4BAFBF858391 /* Sources */,
				32662FF5ABFFFD724E33BB74 /* Resources */,
				8ACF71B58D998D04736C9059 /* Frameworks */,
			);
			buildRules = (
			);
			dependencies = (
			);
			name = Ayah;
			packageProductDependencies = (
				67EF8F75BBD19F716D6EB57C /* AyahKit */,
			);
			productName = Ayah;
			productReference = 319612040E83816104527AAA /* Ayah.app */;
			productType = "com.apple.product-type.application";
		};
		981BCFFE1E4904116CF89B83 /* AyahTests */ = {
			isa = PBXNativeTarget;
			buildConfigurationList = BE0124CD847E1E7C587D0FEA /* Build configuration list for PBXNativeTarget "AyahTests" */;
			buildPhases = (
				E7D780503A4D359319454C5E /* Sources */,
			);
			buildRules = (
			);
			dependencies = (
				DD4BAB965C363D5DC33E0CE6 /* PBXTargetDependency */,
				D8C4E1F5AC4FE139BD231202 /* PBXTargetDependency */,
			);
			name = AyahTests;
			packageProductDependencies = (
			);
			productName = AyahTests;
			productReference = 41B65C70E50ED2F7DBD4F85F /* AyahTests.xctest */;
			productType = "com.apple.product-type.bundle.unit-test";
		};
/* End PBXNativeTarget section */

/* Begin PBXProject section */
		107F8519758E44579862C315 /* Project object */ = {
			isa = PBXProject;
			attributes = {
				BuildIndependentTargetsInParallel = YES;
				LastUpgradeCheck = 1430;
				TargetAttributes = {
					244A0EE56A0B6FE2EEC47604 = {
						ProvisioningStyle = Automatic;
					};
				};
			};
			buildConfigurationList = 60685E5D76A1B722638394ED /* Build configuration list for PBXProject "Ayah" */;
			developmentRegion = en;
			hasScannedForEncodings = 0;
			knownRegions = (
				Base,
				en,
			);
			mainGroup = 102181F458F8F47906E34652;
			minimizedProjectReferenceProxies = 1;
			packageReferences = (
				FF5338C5D93AEB46244A8497 /* XCLocalSwiftPackageReference "Packages/AyahKit" */,
			);
			preferredProjectObjectVersion = 77;
			productRefGroup = EB6DDC08AA2A91FD7AC6D5E7 /* Products */;
			projectDirPath = "";
			projectRoot = "";
			targets = (
				244A0EE56A0B6FE2EEC47604 /* Ayah */,
				981BCFFE1E4904116CF89B83 /* AyahTests */,
			);
		};
/* End PBXProject section */

/* Begin PBXResourcesBuildPhase section */
		32662FF5ABFFFD724E33BB74 /* Resources */ = {
			isa = PBXResourcesBuildPhase;
			buildActionMask = 2147483647;
			files = (
				1DD6BFDD2E0418CB353856B1 /* ACKNOWLEDGEMENTS.txt in Resources */,
				FF9AB1A5CC213845C9D52425 /* Adhan-LICENSE.txt in Resources */,
				F76AFEF410EB14542CF9FF9A /* Assets.xcassets in Resources */,
				721E9D4B1737E13B647DB12A /* CHECKSUM in Resources */,
				A5A0A713530CC060DC500496 /* GEONAMES_CHECKSUM in Resources */,
				243B3194AA91832B27203EB8 /* GeoNames-NOTICE.txt in Resources */,
				1147415D8712AC55968883D9 /* cities_filtered.sqlite in Resources */,
				3101574F137C173484881450 /* quran.sqlite in Resources */,
				0731D02FE59F33D238DCE8DE /* uthmanic_hafs_v20.ttf in Resources */,
			);
			runOnlyForDeploymentPostprocessing = 0;
		};
/* End PBXResourcesBuildPhase section */

/* Begin PBXShellScriptBuildPhase section */
		85F88306BC10A37C6C4A3883 /* Quran integrity gate (Release only) */ = {
			isa = PBXShellScriptBuildPhase;
			alwaysOutOfDate = 1;
			buildActionMask = 2147483647;
			files = (
			);
			inputFileListPaths = (
			);
			inputPaths = (
			);
			name = "Quran integrity gate (Release only)";
			outputFileListPaths = (
			);
			outputPaths = (
			);
			runOnlyForDeploymentPostprocessing = 0;
			shellPath = /bin/sh;
			shellScript = "if [ \"$CONFIGURATION\" = \"Release\" ]; then\n  set -e\n  echo \"Release build — verifying Quran data integrity before compiling...\"\n  (cd \"$SRCROOT/Scripts/verify_quran\" && swift build)\n  \"$SRCROOT/Scripts/verify_quran/.build/debug/verify_quran\" \"$SRCROOT/Resources/Quran\"\n  (cd \"$SRCROOT/Packages/AyahKit\" && swift test)\nelse\n  echo \"Skipping Quran integrity gate for $CONFIGURATION build (Release-only, see ARCHITECTURE.md §8).\"\nfi\n";
		};
/* End PBXShellScriptBuildPhase section */

/* Begin PBXSourcesBuildPhase section */
		08C3405FD54F4BAFBF858391 /* Sources */ = {
			isa = PBXSourcesBuildPhase;
			buildActionMask = 2147483647;
			files = (
				42A2819A8249778AA40C51CC /* AboutView.swift in Sources */,
				A174C0DCEBCEEFB229E06725 /* AboutWindowController.swift in Sources */,
				6AFD0C0E1B870FCED4495C4E /* AppDelegate.swift in Sources */,
				E9E5D1D6C77ADDE1F0F6D09E /* AppPerformanceSignposts.swift in Sources */,
				44A723E52FD96128B35EB340 /* AyahApp.swift in Sources */,
				52C7FA0AA1C3C8BDA84260E7 /* CityPickerView.swift in Sources */,
				6BC6B456C60A644082C41B01 /* CityPickerWindowController.swift in Sources */,
				22BD6619CBC5C1E915327D6E /* CurrentLocationViewModel.swift in Sources */,
				88AF0B4D3A382E6DC6A9448A /* LaunchAtLoginViewModel.swift in Sources */,
				0DF1B0075B8F5FF404B3B7BF /* LayoutMetrics.swift in Sources */,
				52CFA92433A51223F53885DB /* MemorizationSetEditorView.swift in Sources */,
				8D32CE0A2DF2F2783D7DA6E8 /* MemorizationSetsView.swift in Sources */,
				D01968525E5CEC690830C219 /* MemorizationSetsWindowController.swift in Sources */,
				ED588FA67B0392D9B0F77FC9 /* NotchContentView.swift in Sources */,
				5B8E0496481547F05F6644F5 /* NotchController.swift in Sources */,
				D7097B106EC2EC5C13F595BA /* NotchDisplayContent.swift in Sources */,
				9BC9667097AB6D17377D9BA9 /* NotchPanel.swift in Sources */,
				2F399631A510C55C0DC1B819 /* NotchShape.swift in Sources */,
				81677FB67A275BC7371D01A2 /* NotchViewModel.swift in Sources */,
				6D73934C950105185391DEB6 /* PopoverContentView.swift in Sources */,
				18181B7DA890270B2C2FA533 /* StatusItemController.swift in Sources */,
			);
			runOnlyForDeploymentPostprocessing = 0;
		};
		E7D780503A4D359319454C5E /* Sources */ = {
			isa = PBXSourcesBuildPhase;
			buildActionMask = 2147483647;
			files = (
				B30CC881C44777557350875B /* AppLaunchGuardTests.swift in Sources */,
				47005D3FE4BD86B7E599C39C /* NotchViewModelTests.swift in Sources */,
			);
			runOnlyForDeploymentPostprocessing = 0;
		};
/* End PBXSourcesBuildPhase section */

/* Begin PBXTargetDependency section */
		D8C4E1F5AC4FE139BD231202 /* PBXTargetDependency */ = {
			isa = PBXTargetDependency;
			productRef = "TEMP_20807D73-095A-4676-9A49-5DB6AE8D4D54" /* AyahKit */;
		};
		DD4BAB965C363D5DC33E0CE6 /* PBXTargetDependency */ = {
			isa = PBXTargetDependency;
			target = 244A0EE56A0B6FE2EEC47604 /* Ayah */;
			targetProxy = C6095E47E5090C7FD244A6F8 /* PBXContainerItemProxy */;
		};
/* End PBXTargetDependency section */

/* Begin XCBuildConfiguration section */
		409756DDEBB3EACA6B358BAE /* Release */ = {
			isa = XCBuildConfiguration;
			buildSettings = {
				ALWAYS_SEARCH_USER_PATHS = NO;
				CLANG_ANALYZER_NONNULL = YES;
				CLANG_ANALYZER_NUMBER_OBJECT_CONVERSION = YES_AGGRESSIVE;
				CLANG_CXX_LANGUAGE_STANDARD = "gnu++14";
				CLANG_CXX_LIBRARY = "libc++";
				CLANG_ENABLE_MODULES = YES;
				CLANG_ENABLE_OBJC_ARC = YES;
				CLANG_ENABLE_OBJC_WEAK = YES;
				CLANG_WARN_BLOCK_CAPTURE_AUTORELEASING = YES;
				CLANG_WARN_BOOL_CONVERSION = YES;
				CLANG_WARN_COMMA = YES;
				CLANG_WARN_CONSTANT_CONVERSION = YES;
				CLANG_WARN_DEPRECATED_OBJC_IMPLEMENTATIONS = YES;
				CLANG_WARN_DIRECT_OBJC_ISA_USAGE = YES_ERROR;
				CLANG_WARN_DOCUMENTATION_COMMENTS = YES;
				CLANG_WARN_EMPTY_BODY = YES;
				CLANG_WARN_ENUM_CONVERSION = YES;
				CLANG_WARN_INFINITE_RECURSION = YES;
				CLANG_WARN_INT_CONVERSION = YES;
				CLANG_WARN_NON_LITERAL_NULL_CONVERSION = YES;
				CLANG_WARN_OBJC_IMPLICIT_RETAIN_SELF = YES;
				CLANG_WARN_OBJC_LITERAL_CONVERSION = YES;
				CLANG_WARN_OBJC_ROOT_CLASS = YES_ERROR;
				CLANG_WARN_QUOTED_INCLUDE_IN_FRAMEWORK_HEADER = YES;
				CLANG_WARN_RANGE_LOOP_ANALYSIS = YES;
				CLANG_WARN_STRICT_PROTOTYPES = YES;
				CLANG_WARN_SUSPICIOUS_MOVE = YES;
				CLANG_WARN_UNGUARDED_AVAILABILITY = YES_AGGRESSIVE;
				CLANG_WARN_UNREACHABLE_CODE = YES;
				CLANG_WARN__DUPLICATE_METHOD_MATCH = YES;
				COPY_PHASE_STRIP = NO;
				DEBUG_INFORMATION_FORMAT = "dwarf-with-dsym";
				ENABLE_NS_ASSERTIONS = NO;
				ENABLE_STRICT_OBJC_MSGSEND = YES;
				GCC_C_LANGUAGE_STANDARD = gnu11;
				GCC_NO_COMMON_BLOCKS = YES;
				GCC_WARN_64_TO_32_BIT_CONVERSION = YES;
				GCC_WARN_ABOUT_RETURN_TYPE = YES_ERROR;
				GCC_WARN_UNDECLARED_SELECTOR = YES;
				GCC_WARN_UNINITIALIZED_AUTOS = YES_AGGRESSIVE;
				GCC_WARN_UNUSED_FUNCTION = YES;
				GCC_WARN_UNUSED_VARIABLE = YES;
				MACOSX_DEPLOYMENT_TARGET = 13.0;
				MTL_ENABLE_DEBUG_INFO = NO;
				MTL_FAST_MATH = YES;
				PRODUCT_NAME = "$(TARGET_NAME)";
				SDKROOT = macosx;
				SWIFT_COMPILATION_MODE = wholemodule;
				SWIFT_OPTIMIZATION_LEVEL = "-O";
				SWIFT_VERSION = 5.0;
			};
			name = Release;
		};
		8DC36113F3C2D03B61511EF9 /* Release */ = {
			isa = XCBuildConfiguration;
			buildSettings = {
				ARCHS = arm64;
				ASSETCATALOG_COMPILER_APPICON_NAME = AppIcon;
				CODE_SIGNING_ALLOWED = YES;
				CODE_SIGNING_REQUIRED = YES;
				CODE_SIGN_ENTITLEMENTS = App/Ayah.entitlements;
				CODE_SIGN_IDENTITY = "-";
				CODE_SIGN_INJECT_BASE_ENTITLEMENTS = NO;
				CODE_SIGN_STYLE = Automatic;
				COMBINE_HIDPI_IMAGES = YES;
				CURRENT_PROJECT_VERSION = 3;
				ENABLE_HARDENED_RUNTIME = YES;
				GENERATE_INFOPLIST_FILE = NO;
				INFOPLIST_FILE = App/Info.plist;
				LD_RUNPATH_SEARCH_PATHS = (
					"$(inherited)",
					"@executable_path/../Frameworks",
				);
				MACOSX_DEPLOYMENT_TARGET = 13.0;
				MARKETING_VERSION = 1.0.2;
				ONLY_ACTIVE_ARCH = NO;
				PRODUCT_BUNDLE_IDENTIFIER = com.ayah.app;
				PRODUCT_NAME = Ayah;
				SDKROOT = macosx;
				SWIFT_VERSION = 6.0;
			};
			name = Release;
		};
		93EC44E794B5DC7AC7852491 /* Debug */ = {
			isa = XCBuildConfiguration;
			buildSettings = {
				ALWAYS_SEARCH_USER_PATHS = NO;
				CLANG_ANALYZER_NONNULL = YES;
				CLANG_ANALYZER_NUMBER_OBJECT_CONVERSION = YES_AGGRESSIVE;
				CLANG_CXX_LANGUAGE_STANDARD = "gnu++14";
				CLANG_CXX_LIBRARY = "libc++";
				CLANG_ENABLE_MODULES = YES;
				CLANG_ENABLE_OBJC_ARC = YES;
				CLANG_ENABLE_OBJC_WEAK = YES;
				CLANG_WARN_BLOCK_CAPTURE_AUTORELEASING = YES;
				CLANG_WARN_BOOL_CONVERSION = YES;
				CLANG_WARN_COMMA = YES;
				CLANG_WARN_CONSTANT_CONVERSION = YES;
				CLANG_WARN_DEPRECATED_OBJC_IMPLEMENTATIONS = YES;
				CLANG_WARN_DIRECT_OBJC_ISA_USAGE = YES_ERROR;
				CLANG_WARN_DOCUMENTATION_COMMENTS = YES;
				CLANG_WARN_EMPTY_BODY = YES;
				CLANG_WARN_ENUM_CONVERSION = YES;
				CLANG_WARN_INFINITE_RECURSION = YES;
				CLANG_WARN_INT_CONVERSION = YES;
				CLANG_WARN_NON_LITERAL_NULL_CONVERSION = YES;
				CLANG_WARN_OBJC_IMPLICIT_RETAIN_SELF = YES;
				CLANG_WARN_OBJC_LITERAL_CONVERSION = YES;
				CLANG_WARN_OBJC_ROOT_CLASS = YES_ERROR;
				CLANG_WARN_QUOTED_INCLUDE_IN_FRAMEWORK_HEADER = YES;
				CLANG_WARN_RANGE_LOOP_ANALYSIS = YES;
				CLANG_WARN_STRICT_PROTOTYPES = YES;
				CLANG_WARN_SUSPICIOUS_MOVE = YES;
				CLANG_WARN_UNGUARDED_AVAILABILITY = YES_AGGRESSIVE;
				CLANG_WARN_UNREACHABLE_CODE = YES;
				CLANG_WARN__DUPLICATE_METHOD_MATCH = YES;
				COPY_PHASE_STRIP = NO;
				DEBUG_INFORMATION_FORMAT = dwarf;
				ENABLE_STRICT_OBJC_MSGSEND = YES;
				ENABLE_TESTABILITY = YES;
				GCC_C_LANGUAGE_STANDARD = gnu11;
				GCC_DYNAMIC_NO_PIC = NO;
				GCC_NO_COMMON_BLOCKS = YES;
				GCC_OPTIMIZATION_LEVEL = 0;
				GCC_PREPROCESSOR_DEFINITIONS = (
					"$(inherited)",
					"DEBUG=1",
				);
				GCC_WARN_64_TO_32_BIT_CONVERSION = YES;
				GCC_WARN_ABOUT_RETURN_TYPE = YES_ERROR;
				GCC_WARN_UNDECLARED_SELECTOR = YES;
				GCC_WARN_UNINITIALIZED_AUTOS = YES_AGGRESSIVE;
				GCC_WARN_UNUSED_FUNCTION = YES;
				GCC_WARN_UNUSED_VARIABLE = YES;
				MACOSX_DEPLOYMENT_TARGET = 13.0;
				MTL_ENABLE_DEBUG_INFO = INCLUDE_SOURCE;
				MTL_FAST_MATH = YES;
				ONLY_ACTIVE_ARCH = YES;
				PRODUCT_NAME = "$(TARGET_NAME)";
				SDKROOT = macosx;
				SWIFT_ACTIVE_COMPILATION_CONDITIONS = DEBUG;
				SWIFT_OPTIMIZATION_LEVEL = "-Onone";
				SWIFT_VERSION = 5.0;
			};
			name = Debug;
		};
		ADDF68FCF9B5D3C89EB5AFFB /* Debug */ = {
			isa = XCBuildConfiguration;
			buildSettings = {
				ASSETCATALOG_COMPILER_APPICON_NAME = AppIcon;
				CODE_SIGNING_ALLOWED = YES;
				CODE_SIGNING_REQUIRED = NO;
				CODE_SIGN_ENTITLEMENTS = App/Ayah.entitlements;
				CODE_SIGN_IDENTITY = "-";
				CODE_SIGN_STYLE = Automatic;
				COMBINE_HIDPI_IMAGES = YES;
				CURRENT_PROJECT_VERSION = 3;
				ENABLE_HARDENED_RUNTIME = YES;
				GENERATE_INFOPLIST_FILE = NO;
				INFOPLIST_FILE = App/Info.plist;
				LD_RUNPATH_SEARCH_PATHS = (
					"$(inherited)",
					"@executable_path/../Frameworks",
				);
				MACOSX_DEPLOYMENT_TARGET = 13.0;
				MARKETING_VERSION = 1.0.2;
				PRODUCT_BUNDLE_IDENTIFIER = com.ayah.app;
				PRODUCT_NAME = Ayah;
				SDKROOT = macosx;
				SWIFT_VERSION = 6.0;
			};
			name = Debug;
		};
		C0D727F41B05D1D382FE2C1C /* Debug */ = {
			isa = XCBuildConfiguration;
			buildSettings = {
				BUNDLE_LOADER = "$(TEST_HOST)";
				COMBINE_HIDPI_IMAGES = YES;
				GENERATE_INFOPLIST_FILE = YES;
				LD_RUNPATH_SEARCH_PATHS = (
					"$(inherited)",
					"@executable_path/../Frameworks",
					"@loader_path/../Frameworks",
				);
				MACOSX_DEPLOYMENT_TARGET = 13.0;
				PRODUCT_BUNDLE_IDENTIFIER = com.ayah.AyahTests;
				SDKROOT = macosx;
				SWIFT_VERSION = 6.0;
				TEST_HOST = "$(BUILT_PRODUCTS_DIR)/Ayah.app/Contents/MacOS/Ayah";
			};
			name = Debug;
		};
		F5589E0ED5C233E756D52286 /* Release */ = {
			isa = XCBuildConfiguration;
			buildSettings = {
				BUNDLE_LOADER = "$(TEST_HOST)";
				COMBINE_HIDPI_IMAGES = YES;
				GENERATE_INFOPLIST_FILE = YES;
				LD_RUNPATH_SEARCH_PATHS = (
					"$(inherited)",
					"@executable_path/../Frameworks",
					"@loader_path/../Frameworks",
				);
				MACOSX_DEPLOYMENT_TARGET = 13.0;
				PRODUCT_BUNDLE_IDENTIFIER = com.ayah.AyahTests;
				SDKROOT = macosx;
				SWIFT_VERSION = 6.0;
				TEST_HOST = "$(BUILT_PRODUCTS_DIR)/Ayah.app/Contents/MacOS/Ayah";
			};
			name = Release;
		};
/* End XCBuildConfiguration section */

/* Begin XCConfigurationList section */
		1A8D44102776072745BAA360 /* Build configuration list for PBXNativeTarget "Ayah" */ = {
			isa = XCConfigurationList;
			buildConfigurations = (
				ADDF68FCF9B5D3C89EB5AFFB /* Debug */,
				8DC36113F3C2D03B61511EF9 /* Release */,
			);
			defaultConfigurationIsVisible = 0;
			defaultConfigurationName = Debug;
		};
		60685E5D76A1B722638394ED /* Build configuration list for PBXProject "Ayah" */ = {
			isa = XCConfigurationList;
			buildConfigurations = (
				93EC44E794B5DC7AC7852491 /* Debug */,
				409756DDEBB3EACA6B358BAE /* Release */,
			);
			defaultConfigurationIsVisible = 0;
			defaultConfigurationName = Debug;
		};
		BE0124CD847E1E7C587D0FEA /* Build configuration list for PBXNativeTarget "AyahTests" */ = {
			isa = XCConfigurationList;
			buildConfigurations = (
				C0D727F41B05D1D382FE2C1C /* Debug */,
				F5589E0ED5C233E756D52286 /* Release */,
			);
			defaultConfigurationIsVisible = 0;
			defaultConfigurationName = Debug;
		};
/* End XCConfigurationList section */

/* Begin XCLocalSwiftPackageReference section */
		FF5338C5D93AEB46244A8497 /* XCLocalSwiftPackageReference "Packages/AyahKit" */ = {
			isa = XCLocalSwiftPackageReference;
			relativePath = Packages/AyahKit;
		};
/* End XCLocalSwiftPackageReference section */

/* Begin XCSwiftPackageProductDependency section */
		67EF8F75BBD19F716D6EB57C /* AyahKit */ = {
			isa = XCSwiftPackageProductDependency;
			productName = AyahKit;
		};
		"TEMP_20807D73-095A-4676-9A49-5DB6AE8D4D54" /* AyahKit */ = {
			isa = XCSwiftPackageProductDependency;
			productName = AyahKit;
		};
/* End XCSwiftPackageProductDependency section */
	};
	rootObject = 107F8519758E44579862C315 /* Project object */;
}
